
Microsoft Visual Studio Solution File, Format Version 11.00
# Visual Studio 2010
Project("{FAE04EC0-301F-11D3-BF4B-00C04F79EFBC}") = "com.bread.demo", "com.bread.demo\com.bread.demo.csproj", "{849C036B-4A01-4F79-8A23-973CC6B796C0}"
EndProject
Global
	GlobalSection(SolutionConfigurationPlatforms) = preSolution
		Debug|Any CPU = Debug|Any CPU
		Release|Any CPU = Release|Any CPU
	EndGlobalSection
	GlobalSection(ProjectConfigurationPlatforms) = postSolution
		{849C036B-4A01-4F79-8A23-973CC6B796C0}.Debug|Any CPU.ActiveCfg = Debug|Any CPU
		{849C036B-4A01-4F79-8A23-973CC6B796C0}.Debug|Any CPU.Build.0 = Debug|Any CPU
		{849C036B-4A01-4F79-8A23-973CC6B796C0}.Release|Any CPU.ActiveCfg = Release|Any CPU
		{849C036B-4A01-4F79-8A23-973CC6B796C0}.Release|Any CPU.Build.0 = Release|Any CPU
	EndGlobalSection
	GlobalSection(SolutionProperties) = preSolution
		HideSolutionNode = FALSE
	EndGlobalSection
EndGlobal
